// !$*UTF8*$!
{
	archiveVersion = 1;
	classes = {
	};
	objectVersion = 56;
	objects = {

/* Begin PBXBuildFile section */
		3543DE952ACEBCDC00CE858C /* water_appApp.swift in Sources */ = {isa = PBXBuildFile; fileRef = 3543DE942ACEBCDC00CE858C /* water_appApp.swift */; };
		3543DE972ACEBCDC00CE858C /* ContentView.swift in Sources */ = {isa = PBXBuildFile; fileRef = 3543DE962ACEBCDC00CE858C /* ContentView.swift */; };
		3543DE992ACEBCDD00CE858C /* Assets.xcassets in Resources */ = {isa = PBXBuildFile; fileRef = 3543DE982ACEBCDD00CE858C /* Assets.xcassets */; };
		3543DE9C2ACEBCDD00CE858C /* Preview Assets.xcassets in Resources */ = {isa = PBXBuildFile; fileRef = 3543DE9B2ACEBCDD00CE858C /* Preview Assets.xcassets */; };
		3543DEA62ACEBCDE00CE858C /* water_appTests.swift in Sources */ = {isa = PBXBuildFile; fileRef = 3543DEA52ACEBCDE00CE858C /* water_appTests.swift */; };
		3543DEB02ACEBCDE00CE858C /* water_appUITests.swift in Sources */ = {isa = PBXBuildFile; fileRef = 3543DEAF2ACEBCDE00CE858C /* water_appUITests.swift */; };
		3543DEB22ACEBCDE00CE858C /* water_appUITestsLaunchTests.swift in Sources */ = {isa = PBXBuildFile; fileRef = 3543DEB12ACEBCDE00CE858C /* water_appUITestsLaunchTests.swift */; };
/* End PBXBuildFile section */

/* Begin PBXContainerItemProxy section */
		3543DEA22ACEBCDE00CE858C /* PBXContainerItemProxy */ = {
			isa = PBXContainerItemProxy;
			containerPortal = 3543DE892ACEBCDC00CE858C /* Project object */;
			proxyType = 1;
			remoteGlobalIDString = 3543DE902ACEBCDC00CE858C;
			remoteInfo = "water app";
		};
		3543DEAC2ACEBCDE00CE858C /* PBXContainerItemProxy */ = {
			isa = PBXContainerItemProxy;
			containerPortal = 3543DE892ACEBCDC00CE858C /* Project object */;
			proxyType = 1;
			remoteGlobalIDString = 3543DE902ACEBCDC00CE858C;
			remoteInfo = "water app";
		};
/* End PBXContainerItemProxy section */

/* Begin PBXFileReference section */
		3543DE912ACEBCDC00CE858C /* water app.app */ = {isa = PBXFileReference; explicitFileType = wrapper.application; includeInIndex = 0; path = "water app.app"; sourceTree = BUILT_PRODUCTS_DIR; };
		3543DE942ACEBCDC00CE858C /* water_appApp.swift */ = {isa = PBXFileReference; lastKnownFileType = sourcecode.swift; path = water_appApp.swift; sourceTree = "<group>"; };
		3543DE962ACEBCDC00CE858C /* ContentView.swift */ = {isa = PBXFileReference; lastKnownFileType = sourcecode.swift; path = ContentView.swift; sourceTree = "<group>"; };
		3543DE982ACEBCDD00CE858C /* Assets.xcassets */ = {isa = PBXFileReference; lastKnownFileType = folder.assetcatalog; path = Assets.xcassets; sourceTree = "<group>"; };
		3543DE9B2ACEBCDD00CE858C /* Preview Assets.xcassets */ = {isa = PBXFileReference; lastKnownFileType = folder.assetcatalog; path = "Preview Assets.xcassets"; sourceTree = "<group>"; };
		3543DEA12ACEBCDE00CE858C /* water appTests.xctest */ = {isa = PBXFileReference; explicitFileType = wrapper.cfbundle; includeInIndex = 0; path = "water appTests.xctest"; sourceTree = BUILT_PRODUCTS_DIR; };
		3543DEA52ACEBCDE00CE858C /* water_appTests.swift */ = {isa = PBXFileReference; lastKnownFileType = sourcecode.swift; path = water_appTests.swift; sourceTree = "<group>"; };
		3543DEAB2ACEBCDE00CE858C /* water appUITests.xctest */ = {isa = PBXFileReference; explicitFileType = wrapper.cfbundle; includeInIndex = 0; path = "water appUITests.xctest"; sourceTree = BUILT_PRODUCTS_DIR; };
		3543DEAF2ACEBCDE00CE858C /* water_appUITests.swift */ = {isa = PBXFileReference; lastKnownFileType = sourcecode.swift; path = water_appUITests.swift; sourceTree = "<group>"; };
		3543DEB12ACEBCDE00CE858C /* water_appUITestsLaunchTests.swift */ = {isa = PBXFileReference; lastKnownFileType = sourcecode.swift; path = water_appUITestsLaunchTests.swift; sourceTree = "<group>"; };
/* End PBXFileReference section */

/* Begin PBXFrameworksBuildPhase section */
		3543DE8E2ACEBCDC00CE858C /* Frameworks */ = {
			isa = PBXFrameworksBuildPhase;
			buildActionMask = 2147483647;
			files = (
			);
			runOnlyForDeploymentPostprocessing = 0;
		};
		3543DE9E2ACEBCDE00CE858C /* Frameworks */ = {
			isa = PBXFrameworksBuildPhase;
			buildActionMask = 2147483647;
			files = (
			);
			runOnlyForDeploymentPostprocessing = 0;
		};
		3543DEA82ACEBCDE00CE858C /* Frameworks */ = {
			isa = PBXFrameworksBuildPhase;
			buildActionMask = 2147483647;
			files = (
			);
			runOnlyForDeploymentPostprocessing = 0;
		};
/* End PBXFrameworksBuildPhase section */

/* Begin PBXGroup section */
		3543DE882ACEBCDC00CE858C = {
			isa = PBXGroup;
			children = (
				3543DE932ACEBCDC00CE858C /* water app */,
				3543DEA42ACEBCDE00CE858C /* water appTests */,
				3543DEAE2ACEBCDE00CE858C /* water appUITests */,
				3543DE922ACEBCDC00CE858C /* Products */,
			);
			sourceTree = "<group>";
		};
		3543DE922ACEBCDC00CE858C /* Products */ = {
			isa = PBXGroup;
			children = (
				3543DE912ACEBCDC00CE858C /* water app.app */,
				3543DEA12ACEBCDE00CE858C /* water appTests.xctest */,
				3543DEAB2ACEBCDE00CE858C /* water appUITests.xctest */,
			);
			name = Products;
			sourceTree = "<group>";
		};
		3543DE932ACEBCDC00CE858C /* water app */ = {
			isa = PBXGroup;
			children = (
				3543DE942ACEBCDC00CE858C /* water_appApp.swift */,
				3543DE962ACEBCDC00CE858C /* ContentView.swift */,
				3543DE982ACEBCDD00CE858C /* Assets.xcassets */,
				3543DE9A2ACEBCDD00CE858C /* Preview Content */,
			);
			path = "water app";
			sourceTree = "<group>";
		};
		3543DE9A2ACEBCDD00CE858C /* Preview Content */ = {
			isa = PBXGroup;
			children = (
				3543DE9B2ACEBCDD00CE858C /* Preview Assets.xcassets */,
			);
			path = "Preview Content";
			sourceTree = "<group>";
		};
		3543DEA42ACEBCDE00CE858C /* water appTests */ = {
			isa = PBXGroup;
			children = (
				3543DEA52ACEBCDE00CE858C /* water_appTests.swift */,
			);
			path = "water appTests";
			sourceTree = "<group>";
		};
		3543DEAE2ACEBCDE00CE858C /* water appUITests */ = {
			isa = PBXGroup;
			children = (
				3543DEAF2ACEBCDE00CE858C /* water_appUITests.swift */,
				3543DEB12ACEBCDE00CE858C /* water_appUITestsLaunchTests.swift */,
			);
			path = "water appUITests";
			sourceTree = "<group>";
		};
/* End PBXGroup section */

/* Begin PBXNativeTarget section */
		3543DE902ACEBCDC00CE858C /* water app */ = {
			isa = PBXNativeTarget;
			buildConfigurationList = 3543DEB52ACEBCDE00CE858C /* Build configuration list for PBXNativeTarget "water app" */;
			buildPhases = (
				3543DE8D2ACEBCDC00CE858C /* Sources */,
				3543DE8E2ACEBCDC00CE858C /* Frameworks */,
				3543DE8F2ACEBCDC00CE858C /* Resources */,
			);
			buildRules = (
			);
			dependencies = (
			);
			name = "water app";
			productName = "water app";
			productReference = 3543DE912ACEBCDC00CE858C /* water app.app */;
			productType = "com.apple.product-type.application";
		};
		3543DEA02ACEBCDE00CE858C /* water appTests */ = {
			isa = PBXNativeTarget;
			buildConfigurationList = 3543DEB82ACEBCDE00CE858C /* Build configuration list for PBXNativeTarget "water appTests" */;
			buildPhases = (
				3543DE9D2ACEBCDE00CE858C /* Sources */,
				3543DE9E2ACEBCDE00CE858C /* Frameworks */,
				3543DE9F2ACEBCDE00CE858C /* Resources */,
			);
			buildRules = (
			);
			dependencies = (
				3543DEA32ACEBCDE00CE858C /* PBXTargetDependency */,
			);
			name = "water appTests";
			productName = "water appTests";
			productReference = 3543DEA12ACEBCDE00CE858C /* water appTests.xctest */;
			productType = "com.apple.product-type.bundle.unit-test";
		};
		3543DEAA2ACEBCDE00CE858C /* water appUITests */ = {
			isa = PBXNativeTarget;
			buildConfigurationList = 3543DEBB2ACEBCDE00CE858C /* Build configuration list for PBXNativeTarget "water appUITests" */;
			buildPhases = (
				3543DEA72ACEBCDE00CE858C /* Sources */,
				3543DEA82ACEBCDE00CE858C /* Frameworks */,
				3543DEA92ACEBCDE00CE858C /* Resources */,
			);
			buildRules = (
			);
			dependencies = (
				3543DEAD2ACEBCDE00CE858C /* PBXTargetDependency */,
			);
			name = "water appUITests";
			productName = "water appUITests";
			productReference = 3543DEAB2ACEBCDE00CE858C /* water appUITests.xctest */;
			productType = "com.apple.product-type.bundle.ui-testing";
		};
/* End PBXNativeTarget section */

/* Begin PBXProject section */
		3543DE892ACEBCDC00CE858C /* Project object */ = {
			isa = PBXProject;
			attributes = {
				BuildIndependentTargetsInParallel = 1;
				LastSwiftUpdateCheck = 1430;
				LastUpgradeCheck = 1430;
				TargetAttributes = {
					3543DE902ACEBCDC00CE858C = {
						CreatedOnToolsVersion = 14.3.1;
					};
					3543DEA02ACEBCDE00CE858C = {
						CreatedOnToolsVersion = 14.3.1;
						TestTargetID = 3543DE902ACEBCDC00CE858C;
					};
					3543DEAA2ACEBCDE00CE858C = {
						CreatedOnToolsVersion = 14.3.1;
						TestTargetID = 3543DE902ACEBCDC00CE858C;
					};
				};
			};
			buildConfigurationList = 3543DE8C2ACEBCDC00CE858C /* Build configuration list for PBXProject "water app" */;
			compatibilityVersion = "Xcode 14.0";
			developmentRegion = en;
			hasScannedForEncodings = 0;
			knownRegions = (
				en,
				Base,
			);
			mainGroup = 3543DE882ACEBCDC00CE858C;
			productRefGroup = 3543DE922ACEBCDC00CE858C /* Products */;
			projectDirPath = "";
			projectRoot = "";
			targets = (
				3543DE902ACEBCDC00CE858C /* water app */,
				3543DEA02ACEBCDE00CE858C /* water appTests */,
				3543DEAA2ACEBCDE00CE858C /* water appUITests */,
			);
		};
/* End PBXProject section */

/* Begin PBXResourcesBuildPhase section */
		3543DE8F2ACEBCDC00CE858C /* Resources */ = {
			isa = PBXResourcesBuildPhase;
			buildActionMask = 2147483647;
			files = (
				3543DE9C2ACEBCDD00CE858C /* Preview Assets.xcassets in Resources */,
				3543DE992ACEBCDD00CE858C /* Assets.xcassets in Resources */,
			);
			runOnlyForDeploymentPostprocessing = 0;
		};
		3543DE9F2ACEBCDE00CE858C /* Resources */ = {
			isa = PBXResourcesBuildPhase;
			buildActionMask = 2147483647;
			files = (
			);
			runOnlyForDeploymentPostprocessing = 0;
		};
		3543DEA92ACEBCDE00CE858C /* Resources */ = {
			isa = PBXResourcesBuildPhase;
			buildActionMask = 2147483647;
			files = (
			);
			runOnlyForDeploymentPostprocessing = 0;
		};
/* End PBXResourcesBuildPhase section */

/* Begin PBXSourcesBuildPhase section */
		3543DE8D2ACEBCDC00CE858C /* Sources */ = {
			isa = PBXSourcesBuildPhase;
			buildActionMask = 2147483647;
			files = (
				3543DE972ACEBCDC00CE858C /* ContentView.swift in Sources */,
				3543DE952ACEBCDC00CE858C /* water_appApp.swift in Sources */,
			);
			runOnlyForDeploymentPostprocessing = 0;
		};
		3543DE9D2ACEBCDE00CE858C /* Sources */ = {
			isa = PBXSourcesBuildPhase;
			buildActionMask = 2147483647;
			files = (
				3543DEA62ACEBCDE00CE858C /* water_appTests.swift in Sources */,
			);
			runOnlyForDeploymentPostprocessing = 0;
		};
		3543DEA72ACEBCDE00CE858C /* Sources */ = {
			isa = PBXSourcesBuildPhase;
			buildActionMask = 2147483647;
			files = (
				3543DEB22ACEBCDE00CE858C /* water_appUITestsLaunchTests.swift in Sources */,
				3543DEB02ACEBCDE00CE858C /* water_appUITests.swift in Sources */,
			);
			runOnlyForDeploymentPostprocessing = 0;
		};
/* End PBXSourcesBuildPhase section */

/* Begin PBXTargetDependency section */
		3543DEA32ACEBCDE00CE858C /* PBXTargetDependency */ = {
			isa = PBXTargetDependency;
			target = 3543DE902ACEBCDC00CE858C /* water app */;
			targetProxy = 3543DEA22ACEBCDE00CE858C /* PBXContainerItemProxy */;
		};
		3543DEAD2ACEBCDE00CE858C /* PBXTargetDependency */ = {
			isa = PBXTargetDependency;
			target = 3543DE902ACEBCDC00CE858C /* water app */;
			targetProxy = 3543DEAC2ACEBCDE00CE858C /* PBXContainerItemProxy */;
		};
/* End PBXTargetDependency section */

/* Begin XCBuildConfiguration section */
		3543DEB32ACEBCDE00CE858C /* Debug */ = {
			isa = XCBuildConfiguration;
			buildSettings = {
				ALWAYS_SEARCH_USER_PATHS = NO;
				CLANG_ANALYZER_NONNULL = YES;
				CLANG_ANALYZER_NUMBER_OBJECT_CONVERSION = YES_AGGRESSIVE;
				CLANG_CXX_LANGUAGE_STANDARD = "gnu++20";
				CLANG_ENABLE_MODULES = YES;
				CLANG_ENABLE_OBJC_ARC = YES;
				CLANG_ENABLE_OBJC_WEAK = YES;
				CLANG_WARN_BLOCK_CAPTURE_AUTORELEASING = YES;
				CLANG_WARN_BOOL_CONVERSION = YES;
				CLANG_WARN_COMMA = YES;
				CLANG_WARN_CONSTANT_CONVERSION = YES;
				CLANG_WARN_DEPRECATED_OBJC_IMPLEMENTATIONS = YES;
				CLANG_WARN_DIRECT_OBJC_ISA_USAGE = YES_ERROR;
				CLANG_WARN_DOCUMENTATION_COMMENTS = YES;
				CLANG_WARN_EMPTY_BODY = YES;
				CLANG_WARN_ENUM_CONVERSION = YES;
				CLANG_WARN_INFINITE_RECURSION = YES;
				CLANG_WARN_INT_CONVERSION = YES;
				CLANG_WARN_NON_LITERAL_NULL_CONVERSION = YES;
				CLANG_WARN_OBJC_IMPLICIT_RETAIN_SELF = YES;
				CLANG_WARN_OBJC_LITERAL_CONVERSION = YES;
				CLANG_WARN_OBJC_ROOT_CLASS = YES_ERROR;
				CLANG_WARN_QUOTED_INCLUDE_IN_FRAMEWORK_HEADER = YES;
				CLANG_WARN_RANGE_LOOP_ANALYSIS = YES;
				CLANG_WARN_STRICT_PROTOTYPES = YES;
				CLANG_WARN_SUSPICIOUS_MOVE = YES;
				CLANG_WARN_UNGUARDED_AVAILABILITY = YES_AGGRESSIVE;
				CLANG_WARN_UNREACHABLE_CODE = YES;
				CLANG_WARN__DUPLICATE_METHOD_MATCH = YES;
				COPY_PHASE_STRIP = NO;
				DEBUG_INFORMATION_FORMAT = dwarf;
				ENABLE_STRICT_OBJC_MSGSEND = YES;
				ENABLE_TESTABILITY = YES;
				GCC_C_LANGUAGE_STANDARD = gnu11;
				GCC_DYNAMIC_NO_PIC = NO;
				GCC_NO_COMMON_BLOCKS = YES;
				GCC_OPTIMIZATION_LEVEL = 0;
				GCC_PREPROCESSOR_DEFINITIONS = (
					"DEBUG=1",
					"$(inherited)",
				);
				GCC_WARN_64_TO_32_BIT_CONVERSION = YES;
				GCC_WARN_ABOUT_RETURN_TYPE = YES_ERROR;
				GCC_WARN_UNDECLARED_SELECTOR = YES;
				GCC_WARN_UNINITIALIZED_AUTOS = YES_AGGRESSIVE;
				GCC_WARN_UNUSED_FUNCTION = YES;
				GCC_WARN_UNUSED_VARIABLE = YES;
				IPHONEOS_DEPLOYMENT_TARGET = 16.4;
				MTL_ENABLE_DEBUG_INFO = INCLUDE_SOURCE;
				MTL_FAST_MATH = YES;
				ONLY_ACTIVE_ARCH = YES;
				SDKROOT = iphoneos;
				SWIFT_ACTIVE_COMPILATION_CONDITIONS = DEBUG;
				SWIFT_OPTIMIZATION_LEVEL = "-Onone";
			};
			name = Debug;
		};
		3543DEB42ACEBCDE00CE858C /* Release */ = {
			isa = XCBuildConfiguration;
			buildSettings = {
				ALWAYS_SEARCH_USER_PATHS = NO;
				CLANG_ANALYZER_NONNULL = YES;
				CLANG_ANALYZER_NUMBER_OBJECT_CONVERSION = YES_AGGRESSIVE;
				CLANG_CXX_LANGUAGE_STANDARD = "gnu++20";
				CLANG_ENABLE_MODULES = YES;
				CLANG_ENABLE_OBJC_ARC = YES;
				CLANG_ENABLE_OBJC_WEAK = YES;
				CLANG_WARN_BLOCK_CAPTURE_AUTORELEASING = YES;
				CLANG_WARN_BOOL_CONVERSION = YES;
				CLANG_WARN_COMMA = YES;
				CLANG_WARN_CONSTANT_CONVERSION = YES;
				CLANG_WARN_DEPRECATED_OBJC_IMPLEMENTATIONS = YES;
				CLANG_WARN_DIRECT_OBJC_ISA_USAGE = YES_ERROR;
				CLANG_WARN_DOCUMENTATION_COMMENTS = YES;
				CLANG_WARN_EMPTY_BODY = YES;
				CLANG_WARN_ENUM_CONVERSION = YES;
				CLANG_WARN_INFINITE_RECURSION = YES;
				CLANG_WARN_INT_CONVERSION = YES;
				CLANG_WARN_NON_LITERAL_NULL_CONVERSION = YES;
				CLANG_WARN_OBJC_IMPLICIT_RETAIN_SELF = YES;
				CLANG_WARN_OBJC_LITERAL_CONVERSION = YES;
				CLANG_WARN_OBJC_ROOT_CLASS = YES_ERROR;
				CLANG_WARN_QUOTED_INCLUDE_IN_FRAMEWORK_HEADER = YES;
				CLANG_WARN_RANGE_LOOP_ANALYSIS = YES;
				CLANG_WARN_STRICT_PROTOTYPES = YES;
				CLANG_WARN_SUSPICIOUS_MOVE = YES;
				CLANG_WARN_UNGUARDED_AVAILABILITY = YES_AGGRESSIVE;
				CLANG_WARN_UNREACHABLE_CODE = YES;
				CLANG_WARN__DUPLICATE_METHOD_MATCH = YES;
				COPY_PHASE_STRIP = NO;
				DEBUG_INFORMATION_FORMAT = "dwarf-with-dsym";
				ENABLE_NS_ASSERTIONS = NO;
				ENABLE_STRICT_OBJC_MSGSEND = YES;
				GCC_C_LANGUAGE_STANDARD = gnu11;
				GCC_NO_COMMON_BLOCKS = YES;
				GCC_WARN_64_TO_32_BIT_CONVERSION = YES;
				GCC_WARN_ABOUT_RETURN_TYPE = YES_ERROR;
				GCC_WARN_UNDECLARED_SELECTOR = YES;
				GCC_WARN_UNINITIALIZED_AUTOS = YES_AGGRESSIVE;
				GCC_WARN_UNUSED_FUNCTION = YES;
				GCC_WARN_UNUSED_VARIABLE = YES;
				IPHONEOS_DEPLOYMENT_TARGET = 16.4;
				MTL_ENABLE_DEBUG_INFO = NO;
				MTL_FAST_MATH = YES;
				SDKROOT = iphoneos;
				SWIFT_COMPILATION_MODE = wholemodule;
				SWIFT_OPTIMIZATION_LEVEL = "-O";
				VALIDATE_PRODUCT = YES;
			};
			name = Release;
		};
		3543DEB62ACEBCDE00CE858C /* Debug */ = {
			isa = XCBuildConfiguration;
			buildSettings = {
				ASSETCATALOG_COMPILER_APPICON_NAME = AppIcon;
				ASSETCATALOG_COMPILER_GLOBAL_ACCENT_COLOR_NAME = AccentColor;
				CODE_SIGN_STYLE = Automatic;
				CURRENT_PROJECT_VERSION = 1;
				DEVELOPMENT_ASSET_PATHS = "\"water app/Preview Content\"";
				ENABLE_PREVIEWS = YES;
				GENERATE_INFOPLIST_FILE = YES;
				INFOPLIST_KEY_UIApplicationSceneManifest_Generation = YES;
				INFOPLIST_KEY_UIApplicationSupportsIndirectInputEvents = YES;
				INFOPLIST_KEY_UILaunchScreen_Generation = YES;
				INFOPLIST_KEY_UISupportedInterfaceOrientations_iPad = "UIInterfaceOrientationPortrait UIInterfaceOrientationPortraitUpsideDown UIInterfaceOrientationLandscapeLeft UIInterfaceOrientationLandscapeRight";
				INFOPLIST_KEY_UISupportedInterfaceOrientations_iPhone = "UIInterfaceOrientationPortrait UIInterfaceOrientationLandscapeLeft UIInterfaceOrientationLandscapeRight";
				LD_RUNPATH_SEARCH_PATHS = (
					"$(inherited)",
					"@executable_path/Frameworks",
				);
				MARKETING_VERSION = 1.0;
				PRODUCT_BUNDLE_IDENTIFIER = "bkf.water-app";
				PRODUCT_NAME = "$(TARGET_NAME)";
				SWIFT_EMIT_LOC_STRINGS = YES;
				SWIFT_VERSION = 5.0;
				TARGETED_DEVICE_FAMILY = "1,2";
			};
			name = Debug;
		};
		3543DEB72ACEBCDE00CE858C /* Release */ = {
			isa = XCBuildConfiguration;
			buildSettings = {
				ASSETCATALOG_COMPILER_APPICON_NAME = AppIcon;
				ASSETCATALOG_COMPILER_GLOBAL_ACCENT_COLOR_NAME = AccentColor;
				CODE_SIGN_STYLE = Automatic;
				CURRENT_PROJECT_VERSION = 1;
				DEVELOPMENT_ASSET_PATHS = "\"water app/Preview Content\"";
				ENABLE_PREVIEWS = YES;
				GENERATE_INFOPLIST_FILE = YES;
				INFOPLIST_KEY_UIApplicationSceneManifest_Generation = YES;
				INFOPLIST_KEY_UIApplicationSupportsIndirectInputEvents = YES;
				INFOPLIST_KEY_UILaunchScreen_Generation = YES;
				INFOPLIST_KEY_UISupportedInterfaceOrientations_iPad = "UIInterfaceOrientationPortrait UIInterfaceOrientationPortraitUpsideDown UIInterfaceOrientationLandscapeLeft UIInterfaceOrientationLandscapeRight";
				INFOPLIST_KEY_UISupportedInterfaceOrientations_iPhone = "UIInterfaceOrientationPortrait UIInterfaceOrientationLandscapeLeft UIInterfaceOrientationLandscapeRight";
				LD_RUNPATH_SEARCH_PATHS = (
					"$(inherited)",
					"@executable_path/Frameworks",
				);
				MARKETING_VERSION = 1.0;
				PRODUCT_BUNDLE_IDENTIFIER = "bkf.water-app";
				PRODUCT_NAME = "$(TARGET_NAME)";
				SWIFT_EMIT_LOC_STRINGS = YES;
				SWIFT_VERSION = 5.0;
				TARGETED_DEVICE_FAMILY = "1,2";
			};
			name = Release;
		};
		3543DEB92ACEBCDE00CE858C /* Debug */ = {
			isa = XCBuildConfiguration;
			buildSettings = {
				ALWAYS_EMBED_SWIFT_STANDARD_LIBRARIES = YES;
				BUNDLE_LOADER = "$(TEST_HOST)";
				CODE_SIGN_STYLE = Automatic;
				CURRENT_PROJECT_VERSION = 1;
				GENERATE_INFOPLIST_FILE = YES;
				IPHONEOS_DEPLOYMENT_TARGET = 16.4;
				MARKETING_VERSION = 1.0;
				PRODUCT_BUNDLE_IDENTIFIER = "bkf.water-appTests";
				PRODUCT_NAME = "$(TARGET_NAME)";
				SWIFT_EMIT_LOC_STRINGS = NO;
				SWIFT_VERSION = 5.0;
				TARGETED_DEVICE_FAMILY = "1,2";
				TEST_HOST = "$(BUILT_PRODUCTS_DIR)/water app.app/$(BUNDLE_EXECUTABLE_FOLDER_PATH)/water app";
			};
			name = Debug;
		};
		3543DEBA2ACEBCDE00CE858C /* Release */ = {
			isa = XCBuildConfiguration;
			buildSettings = {
				ALWAYS_EMBED_SWIFT_STANDARD_LIBRARIES = YES;
				BUNDLE_LOADER = "$(TEST_HOST)";
				CODE_SIGN_STYLE = Automatic;
				CURRENT_PROJECT_VERSION = 1;
				GENERATE_INFOPLIST_FILE = YES;
				IPHONEOS_DEPLOYMENT_TARGET = 16.4;
				MARKETING_VERSION = 1.0;
				PRODUCT_BUNDLE_IDENTIFIER = "bkf.water-appTests";
				PRODUCT_NAME = "$(TARGET_NAME)";
				SWIFT_EMIT_LOC_STRINGS = NO;
				SWIFT_VERSION = 5.0;
				TARGETED_DEVICE_FAMILY = "1,2";
				TEST_HOST = "$(BUILT_PRODUCTS_DIR)/water app.app/$(BUNDLE_EXECUTABLE_FOLDER_PATH)/water app";
			};
			name = Release;
		};
		3543DEBC2ACEBCDE00CE858C /* Debug */ = {
			isa = XCBuildConfiguration;
			buildSettings = {
				ALWAYS_EMBED_SWIFT_STANDARD_LIBRARIES = YES;
				CODE_SIGN_STYLE = Automatic;
				CURRENT_PROJECT_VERSION = 1;
				GENERATE_INFOPLIST_FILE = YES;
				MARKETING_VERSION = 1.0;
				PRODUCT_BUNDLE_IDENTIFIER = "bkf.water-appUITests";
				PRODUCT_NAME = "$(TARGET_NAME)";
				SWIFT_EMIT_LOC_STRINGS = NO;
				SWIFT_VERSION = 5.0;
				TARGETED_DEVICE_FAMILY = "1,2";
				TEST_TARGET_NAME = "water app";
			};
			name = Debug;
		};
		3543DEBD2ACEBCDE00CE858C /* Release */ = {
			isa = XCBuildConfiguration;
			buildSettings = {
				ALWAYS_EMBED_SWIFT_STANDARD_LIBRARIES = YES;
				CODE_SIGN_STYLE = Automatic;
				CURRENT_PROJECT_VERSION = 1;
				GENERATE_INFOPLIST_FILE = YES;
				MARKETING_VERSION = 1.0;
				PRODUCT_BUNDLE_IDENTIFIER = "bkf.water-appUITests";
				PRODUCT_NAME = "$(TARGET_NAME)";
				SWIFT_EMIT_LOC_STRINGS = NO;
				SWIFT_VERSION = 5.0;
				TARGETED_DEVICE_FAMILY = "1,2";
				TEST_TARGET_NAME = "water app";
			};
			name = Release;
		};
/* End XCBuildConfiguration section */

/* Begin XCConfigurationList section */
		3543DE8C2ACEBCDC00CE858C /* Build configuration list for PBXProject "water app" */ = {
			isa = XCConfigurationList;
			buildConfigurations = (
				3543DEB32ACEBCDE00CE858C /* Debug */,
				3543DEB42ACEBCDE00CE858C /* Release */,
			);
			defaultConfigurationIsVisible = 0;
			defaultConfigurationName = Release;
		};
		3543DEB52ACEBCDE00CE858C /* Build configuration list for PBXNativeTarget "water app" */ = {
			isa = XCConfigurationList;
			buildConfigurations = (
				3543DEB62ACEBCDE00CE858C /* Debug */,
				3543DEB72ACEBCDE00CE858C /* Release */,
			);
			defaultConfigurationIsVisible = 0;
			defaultConfigurationName = Release;
		};
		3543DEB82ACEBCDE00CE858C /* Build configuration list for PBXNativeTarget "water appTests" */ = {
			isa = XCConfigurationList;
			buildConfigurations = (
				3543DEB92ACEBCDE00CE858C /* Debug */,
				3543DEBA2ACEBCDE00CE858C /* Release */,
			);
			defaultConfigurationIsVisible = 0;
			defaultConfigurationName = Release;
		};
		3543DEBB2ACEBCDE00CE858C /* Build configuration list for PBXNativeTarget "water appUITests" */ = {
			isa = XCConfigurationList;
			buildConfigurations = (
				3543DEBC2ACEBCDE00CE858C /* Debug */,
				3543DEBD2ACEBCDE00CE858C /* Release */,
			);
			defaultConfigurationIsVisible = 0;
			defaultConfigurationName = Release;
		};
/* End XCConfigurationList section */
	};
	rootObject = 3543DE892ACEBCDC00CE858C /* Project object */;
}
